// !$*UTF8*$!
{
	archiveVersion = 1;
	classes = {
	};
	objectVersion = 56;
	objects = {

/* Begin PBXBuildFile section */
		C2C4B87829F6FEFA00EF44EA /* Apo_NewsApp.swift in Sources */ = {isa = PBXBuildFile; fileRef = C2C4B87729F6FEFA00EF44EA /* Apo_NewsApp.swift */; };
		C2C4B87A29F6FEFA00EF44EA /* ContentView.swift in Sources */ = {isa = PBXBuildFile; fileRef = C2C4B87929F6FEFA00EF44EA /* ContentView.swift */; };
		C2C4B87C29F6FEFC00EF44EA /* Assets.xcassets in Resources */ = {isa = PBXBuildFile; fileRef = C2C4B87B29F6FEFC00EF44EA /* Assets.xcassets */; };
		C2C4B87F29F6FEFC00EF44EA /* Preview Assets.xcassets in Resources */ = {isa = PBXBuildFile; fileRef = C2C4B87E29F6FEFC00EF44EA /* Preview Assets.xcassets */; };
		C2C4B88729F7028E00EF44EA /* NetworkManager.swift in Sources */ = {isa = PBXBuildFile; fileRef = C2C4B88629F7028E00EF44EA /* NetworkManager.swift */; };
		C2C4B88929F7045400EF44EA /* PostData.swift in Sources */ = {isa = PBXBuildFile; fileRef = C2C4B88829F7045400EF44EA /* PostData.swift */; };
		C2C4B88C29F70BEC00EF44EA /* DetailView.swift in Sources */ = {isa = PBXBuildFile; fileRef = C2C4B88B29F70BEC00EF44EA /* DetailView.swift */; };
		C2C4B88E29F7169A00EF44EA /* WebView.swift in Sources */ = {isa = PBXBuildFile; fileRef = C2C4B88D29F7169A00EF44EA /* WebView.swift */; };
/* End PBXBuildFile section */

/* Begin PBXFileReference section */
		C2C4B87429F6FEFA00EF44EA /* Apo News.app */ = {isa = PBXFileReference; explicitFileType = wrapper.application; includeInIndex = 0; path = "Apo News.app"; sourceTree = BUILT_PRODUCTS_DIR; };
		C2C4B87729F6FEFA00EF44EA /* Apo_NewsApp.swift */ = {isa = PBXFileReference; lastKnownFileType = sourcecode.swift; path = Apo_NewsApp.swift; sourceTree = "<group>"; };
		C2C4B87929F6FEFA00EF44EA /* ContentView.swift */ = {isa = PBXFileReference; lastKnownFileType = sourcecode.swift; path = ContentView.swift; sourceTree = "<group>"; };
		C2C4B87B29F6FEFC00EF44EA /* Assets.xcassets */ = {isa = PBXFileReference; lastKnownFileType = folder.assetcatalog; path = Assets.xcassets; sourceTree = "<group>"; };
		C2C4B87E29F6FEFC00EF44EA /* Preview Assets.xcassets */ = {isa = PBXFileReference; lastKnownFileType = folder.assetcatalog; path = "Preview Assets.xcassets"; sourceTree = "<group>"; };
		C2C4B88629F7028E00EF44EA /* NetworkManager.swift */ = {isa = PBXFileReference; lastKnownFileType = sourcecode.swift; path = NetworkManager.swift; sourceTree = "<group>"; };
		C2C4B88829F7045400EF44EA /* PostData.swift */ = {isa = PBXFileReference; lastKnownFileType = sourcecode.swift; path = PostData.swift; sourceTree = "<group>"; };
		C2C4B88B29F70BEC00EF44EA /* DetailView.swift */ = {isa = PBXFileReference; lastKnownFileType = sourcecode.swift; path = DetailView.swift; sourceTree = "<group>"; };
		C2C4B88D29F7169A00EF44EA /* WebView.swift */ = {isa = PBXFileReference; lastKnownFileType = sourcecode.swift; path = WebView.swift; sourceTree = "<group>"; };
/* End PBXFileReference section */

/* Begin PBXFrameworksBuildPhase section */
		C2C4B87129F6FEFA00EF44EA /* Frameworks */ = {
			isa = PBXFrameworksBuildPhase;
			buildActionMask = 2147483647;
			files = (
			);
			runOnlyForDeploymentPostprocessing = 0;
		};
/* End PBXFrameworksBuildPhase section */

/* Begin PBXGroup section */
		C2C4B86B29F6FEFA00EF44EA = {
			isa = PBXGroup;
			children = (
				C2C4B87629F6FEFA00EF44EA /* Apo News */,
				C2C4B87529F6FEFA00EF44EA /* Products */,
			);
			sourceTree = "<group>";
		};
		C2C4B87529F6FEFA00EF44EA /* Products */ = {
			isa = PBXGroup;
			children = (
				C2C4B87429F6FEFA00EF44EA /* Apo News.app */,
			);
			name = Products;
			sourceTree = "<group>";
		};
		C2C4B87629F6FEFA00EF44EA /* Apo News */ = {
			isa = PBXGroup;
			children = (
				C2C4B87729F6FEFA00EF44EA /* Apo_NewsApp.swift */,
				C2C4B88A29F70BE100EF44EA /* View */,
				C2C4B88529F7027500EF44EA /* Model */,
				C2C4B87B29F6FEFC00EF44EA /* Assets.xcassets */,
				C2C4B87D29F6FEFC00EF44EA /* Preview Content */,
			);
			path = "Apo News";
			sourceTree = "<group>";
		};
		C2C4B87D29F6FEFC00EF44EA /* Preview Content */ = {
			isa = PBXGroup;
			children = (
				C2C4B87E29F6FEFC00EF44EA /* Preview Assets.xcassets */,
			);
			path = "Preview Content";
			sourceTree = "<group>";
		};
		C2C4B88529F7027500EF44EA /* Model */ = {
			isa = PBXGroup;
			children = (
				C2C4B88629F7028E00EF44EA /* NetworkManager.swift */,
				C2C4B88829F7045400EF44EA /* PostData.swift */,
			);
			path = Model;
			sourceTree = "<group>";
		};
		C2C4B88A29F70BE100EF44EA /* View */ = {
			isa = PBXGroup;
			children = (
				C2C4B87929F6FEFA00EF44EA /* ContentView.swift */,
				C2C4B88B29F70BEC00EF44EA /* DetailView.swift */,
				C2C4B88D29F7169A00EF44EA /* WebView.swift */,
			);
			path = View;
			sourceTree = "<group>";
		};
/* End PBXGroup section */

/* Begin PBXNativeTarget section */
		C2C4B87329F6FEFA00EF44EA /* Apo News */ = {
			isa = PBXNativeTarget;
			buildConfigurationList = C2C4B88229F6FEFC00EF44EA /* Build configuration list for PBXNativeTarget "Apo News" */;
			buildPhases = (
				C2C4B87029F6FEFA00EF44EA /* Sources */,
				C2C4B87129F6FEFA00EF44EA /* Frameworks */,
				C2C4B87229F6FEFA00EF44EA /* Resources */,
			);
			buildRules = (
			);
			dependencies = (
			);
			name = "Apo News";
			productName = "Apo News";
			productReference = C2C4B87429F6FEFA00EF44EA /* Apo News.app */;
			productType = "com.apple.product-type.application";
		};
/* End PBXNativeTarget section */

/* Begin PBXProject section */
		C2C4B86C29F6FEFA00EF44EA /* Project object */ = {
			isa = PBXProject;
			attributes = {
				BuildIndependentTargetsInParallel = 1;
				LastSwiftUpdateCheck = 1430;
				LastUpgradeCheck = 1430;
				TargetAttributes = {
					C2C4B87329F6FEFA00EF44EA = {
						CreatedOnToolsVersion = 14.3;
					};
				};
			};
			buildConfigurationList = C2C4B86F29F6FEFA00EF44EA /* Build configuration list for PBXProject "Apo News" */;
			compatibilityVersion = "Xcode 14.0";
			developmentRegion = en;
			hasScannedForEncodings = 0;
			knownRegions = (
				en,
				Base,
			);
			mainGroup = C2C4B86B29F6FEFA00EF44EA;
			productRefGroup = C2C4B87529F6FEFA00EF44EA /* Products */;
			projectDirPath = "";
			projectRoot = "";
			targets = (
				C2C4B87329F6FEFA00EF44EA /* Apo News */,
			);
		};
/* End PBXProject section */

/* Begin PBXResourcesBuildPhase section */
		C2C4B87229F6FEFA00EF44EA /* Resources */ = {
			isa = PBXResourcesBuildPhase;
			buildActionMask = 2147483647;
			files = (
				C2C4B87F29F6FEFC00EF44EA /* Preview Assets.xcassets in Resources */,
				C2C4B87C29F6FEFC00EF44EA /* Assets.xcassets in Resources */,
			);
			runOnlyForDeploymentPostprocessing = 0;
		};
/* End PBXResourcesBuildPhase section */

/* Begin PBXSourcesBuildPhase section */
		C2C4B87029F6FEFA00EF44EA /* Sources */ = {
			isa = PBXSourcesBuildPhase;
			buildActionMask = 2147483647;
			files = (
				C2C4B88729F7028E00EF44EA /* NetworkManager.swift in Sources */,
				C2C4B88929F7045400EF44EA /* PostData.swift in Sources */,
				C2C4B87A29F6FEFA00EF44EA /* ContentView.swift in Sources */,
				C2C4B88E29F7169A00EF44EA /* WebView.swift in Sources */,
				C2C4B88C29F70BEC00EF44EA /* DetailView.swift in Sources */,
				C2C4B87829F6FEFA00EF44EA /* Apo_NewsApp.swift in Sources */,
			);
			runOnlyForDeploymentPostprocessing = 0;
		};
/* End PBXSourcesBuildPhase section */

/* Begin XCBuildConfiguration section */
		C2C4B88029F6FEFC00EF44EA /* Debug */ = {
			isa = XCBuildConfiguration;
			buildSettings = {
				ALWAYS_SEARCH_USER_PATHS = NO;
				CLANG_ANALYZER_NONNULL = YES;
				CLANG_ANALYZER_NUMBER_OBJECT_CONVERSION = YES_AGGRESSIVE;
				CLANG_CXX_LANGUAGE_STANDARD = "gnu++20";
				CLANG_ENABLE_MODULES = YES;
				CLANG_ENABLE_OBJC_ARC = YES;
				CLANG_ENABLE_OBJC_WEAK = YES;
				CLANG_WARN_BLOCK_CAPTURE_AUTORELEASING = YES;
				CLANG_WARN_BOOL_CONVERSION = YES;
				CLANG_WARN_COMMA = YES;
				CLANG_WARN_CONSTANT_CONVERSION = YES;
				CLANG_WARN_DEPRECATED_OBJC_IMPLEMENTATIONS = YES;
				CLANG_WARN_DIRECT_OBJC_ISA_USAGE = YES_ERROR;
				CLANG_WARN_DOCUMENTATION_COMMENTS = YES;
				CLANG_WARN_EMPTY_BODY = YES;
				CLANG_WARN_ENUM_CONVERSION = YES;
				CLANG_WARN_INFINITE_RECURSION = YES;
				CLANG_WARN_INT_CONVERSION = YES;
				CLANG_WARN_NON_LITERAL_NULL_CONVERSION = YES;
				CLANG_WARN_OBJC_IMPLICIT_RETAIN_SELF = YES;
				CLANG_WARN_OBJC_LITERAL_CONVERSION = YES;
				CLANG_WARN_OBJC_ROOT_CLASS = YES_ERROR;
				CLANG_WARN_QUOTED_INCLUDE_IN_FRAMEWORK_HEADER = YES;
				CLANG_WARN_RANGE_LOOP_ANALYSIS = YES;
				CLANG_WARN_STRICT_PROTOTYPES = YES;
				CLANG_WARN_SUSPICIOUS_MOVE = YES;
				CLANG_WARN_UNGUARDED_AVAILABILITY = YES_AGGRESSIVE;
				CLANG_WARN_UNREACHABLE_CODE = YES;
				CLANG_WARN__DUPLICATE_METHOD_MATCH = YES;
				COPY_PHASE_STRIP = NO;
				DEBUG_INFORMATION_FORMAT = dwarf;
				ENABLE_STRICT_OBJC_MSGSEND = YES;
				ENABLE_TESTABILITY = YES;
				GCC_C_LANGUAGE_STANDARD = gnu11;
				GCC_DYNAMIC_NO_PIC = NO;
				GCC_NO_COMMON_BLOCKS = YES;
				GCC_OPTIMIZATION_LEVEL = 0;
				GCC_PREPROCESSOR_DEFINITIONS = (
					"DEBUG=1",
					"$(inherited)",
				);
				GCC_WARN_64_TO_32_BIT_CONVERSION = YES;
				GCC_WARN_ABOUT_RETURN_TYPE = YES_ERROR;
				GCC_WARN_UNDECLARED_SELECTOR = YES;
				GCC_WARN_UNINITIALIZED_AUTOS = YES_AGGRESSIVE;
				GCC_WARN_UNUSED_FUNCTION = YES;
				GCC_WARN_UNUSED_VARIABLE = YES;
				IPHONEOS_DEPLOYMENT_TARGET = 16.4;
				MTL_ENABLE_DEBUG_INFO = INCLUDE_SOURCE;
				MTL_FAST_MATH = YES;
				ONLY_ACTIVE_ARCH = YES;
				SDKROOT = iphoneos;
				SWIFT_ACTIVE_COMPILATION_CONDITIONS = DEBUG;
				SWIFT_OPTIMIZATION_LEVEL = "-Onone";
			};
			name = Debug;
		};
		C2C4B88129F6FEFC00EF44EA /* Release */ = {
			isa = XCBuildConfiguration;
			buildSettings = {
				ALWAYS_SEARCH_USER_PATHS = NO;
				CLANG_ANALYZER_NONNULL = YES;
				CLANG_ANALYZER_NUMBER_OBJECT_CONVERSION = YES_AGGRESSIVE;
				CLANG_CXX_LANGUAGE_STANDARD = "gnu++20";
				CLANG_ENABLE_MODULES = YES;
				CLANG_ENABLE_OBJC_ARC = YES;
				CLANG_ENABLE_OBJC_WEAK = YES;
				CLANG_WARN_BLOCK_CAPTURE_AUTORELEASING = YES;
				CLANG_WARN_BOOL_CONVERSION = YES;
				CLANG_WARN_COMMA = YES;
				CLANG_WARN_CONSTANT_CONVERSION = YES;
				CLANG_WARN_DEPRECATED_OBJC_IMPLEMENTATIONS = YES;
				CLANG_WARN_DIRECT_OBJC_ISA_USAGE = YES_ERROR;
				CLANG_WARN_DOCUMENTATION_COMMENTS = YES;
				CLANG_WARN_EMPTY_BODY = YES;
				CLANG_WARN_ENUM_CONVERSION = YES;
				CLANG_WARN_INFINITE_RECURSION = YES;
				CLANG_WARN_INT_CONVERSION = YES;
				CLANG_WARN_NON_LITERAL_NULL_CONVERSION = YES;
				CLANG_WARN_OBJC_IMPLICIT_RETAIN_SELF = YES;
				CLANG_WARN_OBJC_LITERAL_CONVERSION = YES;
				CLANG_WARN_OBJC_ROOT_CLASS = YES_ERROR;
				CLANG_WARN_QUOTED_INCLUDE_IN_FRAMEWORK_HEADER = YES;
				CLANG_WARN_RANGE_LOOP_ANALYSIS = YES;
				CLANG_WARN_STRICT_PROTOTYPES = YES;
				CLANG_WARN_SUSPICIOUS_MOVE = YES;
				CLANG_WARN_UNGUARDED_AVAILABILITY = YES_AGGRESSIVE;
				CLANG_WARN_UNREACHABLE_CODE = YES;
				CLANG_WARN__DUPLICATE_METHOD_MATCH = YES;
				COPY_PHASE_STRIP = NO;
				DEBUG_INFORMATION_FORMAT = "dwarf-with-dsym";
				ENABLE_NS_ASSERTIONS = NO;
				ENABLE_STRICT_OBJC_MSGSEND = YES;
				GCC_C_LANGUAGE_STANDARD = gnu11;
				GCC_NO_COMMON_BLOCKS = YES;
				GCC_WARN_64_TO_32_BIT_CONVERSION = YES;
				GCC_WARN_ABOUT_RETURN_TYPE = YES_ERROR;
				GCC_WARN_UNDECLARED_SELECTOR = YES;
				GCC_WARN_UNINITIALIZED_AUTOS = YES_AGGRESSIVE;
				GCC_WARN_UNUSED_FUNCTION = YES;
				GCC_WARN_UNUSED_VARIABLE = YES;
				IPHONEOS_DEPLOYMENT_TARGET = 16.4;
				MTL_ENABLE_DEBUG_INFO = NO;
				MTL_FAST_MATH = YES;
				SDKROOT = iphoneos;
				SWIFT_COMPILATION_MODE = wholemodule;
				SWIFT_OPTIMIZATION_LEVEL = "-O";
				VALIDATE_PRODUCT = YES;
			};
			name = Release;
		};
		C2C4B88329F6FEFC00EF44EA /* Debug */ = {
			isa = XCBuildConfiguration;
			buildSettings = {
				ASSETCATALOG_COMPILER_APPICON_NAME = AppIcon;
				ASSETCATALOG_COMPILER_GLOBAL_ACCENT_COLOR_NAME = AccentColor;
				CODE_SIGN_STYLE = Automatic;
				CURRENT_PROJECT_VERSION = 1;
				DEVELOPMENT_ASSET_PATHS = "\"Apo News/Preview Content\"";
				DEVELOPMENT_TEAM = 6Y92LH56N8;
				ENABLE_PREVIEWS = YES;
				GENERATE_INFOPLIST_FILE = YES;
				INFOPLIST_KEY_UIApplicationSceneManifest_Generation = YES;
				INFOPLIST_KEY_UIApplicationSupportsIndirectInputEvents = YES;
				INFOPLIST_KEY_UILaunchScreen_Generation = YES;
				INFOPLIST_KEY_UISupportedInterfaceOrientations_iPad = "UIInterfaceOrientationPortrait UIInterfaceOrientationPortraitUpsideDown UIInterfaceOrientationLandscapeLeft UIInterfaceOrientationLandscapeRight";
				INFOPLIST_KEY_UISupportedInterfaceOrientations_iPhone = "UIInterfaceOrientationPortrait UIInterfaceOrientationLandscapeLeft UIInterfaceOrientationLandscapeRight";
				LD_RUNPATH_SEARCH_PATHS = (
					"$(inherited)",
					"@executable_path/Frameworks",
				);
				MARKETING_VERSION = 1.0;
				PRODUCT_BUNDLE_IDENTIFIER = "com.alphanogun.Apo-News";
				PRODUCT_NAME = "$(TARGET_NAME)";
				SWIFT_EMIT_LOC_STRINGS = YES;
				SWIFT_VERSION = 5.0;
				TARGETED_DEVICE_FAMILY = "1,2";
			};
			name = Debug;
		};
		C2C4B88429F6FEFC00EF44EA /* Release */ = {
			isa = XCBuildConfiguration;
			buildSettings = {
				ASSETCATALOG_COMPILER_APPICON_NAME = AppIcon;
				ASSETCATALOG_COMPILER_GLOBAL_ACCENT_COLOR_NAME = AccentColor;
				CODE_SIGN_STYLE = Automatic;
				CURRENT_PROJECT_VERSION = 1;
				DEVELOPMENT_ASSET_PATHS = "\"Apo News/Preview Content\"";
				DEVELOPMENT_TEAM = 6Y92LH56N8;
				ENABLE_PREVIEWS = YES;
				GENERATE_INFOPLIST_FILE = YES;
				INFOPLIST_KEY_UIApplicationSceneManifest_Generation = YES;
				INFOPLIST_KEY_UIApplicationSupportsIndirectInputEvents = YES;
				INFOPLIST_KEY_UILaunchScreen_Generation = YES;
				INFOPLIST_KEY_UISupportedInterfaceOrientations_iPad = "UIInterfaceOrientationPortrait UIInterfaceOrientationPortraitUpsideDown UIInterfaceOrientationLandscapeLeft UIInterfaceOrientationLandscapeRight";
				INFOPLIST_KEY_UISupportedInterfaceOrientations_iPhone = "UIInterfaceOrientationPortrait UIInterfaceOrientationLandscapeLeft UIInterfaceOrientationLandscapeRight";
				LD_RUNPATH_SEARCH_PATHS = (
					"$(inherited)",
					"@executable_path/Frameworks",
				);
				MARKETING_VERSION = 1.0;
				PRODUCT_BUNDLE_IDENTIFIER = "com.alphanogun.Apo-News";
				PRODUCT_NAME = "$(TARGET_NAME)";
				SWIFT_EMIT_LOC_STRINGS = YES;
				SWIFT_VERSION = 5.0;
				TARGETED_DEVICE_FAMILY = "1,2";
			};
			name = Release;
		};
/* End XCBuildConfiguration section */

/* Begin XCConfigurationList section */
		C2C4B86F29F6FEFA00EF44EA /* Build configuration list for PBXProject "Apo News" */ = {
			isa = XCConfigurationList;
			buildConfigurations = (
				C2C4B88029F6FEFC00EF44EA /* Debug */,
				C2C4B88129F6FEFC00EF44EA /* Release */,
			);
			defaultConfigurationIsVisible = 0;
			defaultConfigurationName = Release;
		};
		C2C4B88229F6FEFC00EF44EA /* Build configuration list for PBXNativeTarget "Apo News" */ = {
			isa = XCConfigurationList;
			buildConfigurations = (
				C2C4B88329F6FEFC00EF44EA /* Debug */,
				C2C4B88429F6FEFC00EF44EA /* Release */,
			);
			defaultConfigurationIsVisible = 0;
			defaultConfigurationName = Release;
		};
/* End XCConfigurationList section */
	};
	rootObject = C2C4B86C29F6FEFA00EF44EA /* Project object */;
}
